
Microsoft Visual Studio Solution File, Format Version 12.00
# Visual Studio 14
VisualStudioVersion = 14.0.25123.0
MinimumVisualStudioVersion = 10.0.40219.1
Project("{FAE04EC0-301F-11D3-BF4B-00C04F79EFBC}") = "MarketSniperOld", "MarketSniperOld.csproj", "{CC1C7706-B493-4DEE-A229-29560B0BBFEF}"
EndProject
Project("{FAE04EC0-301F-11D3-BF4B-00C04F79EFBC}") = "SniperForm", "..\SniperForm\SniperForm.csproj", "{27FFDA9A-2A57-4CFD-B38A-67880623DA53}"
EndProject
Project("{FAE04EC0-301F-11D3-BF4B-00C04F79EFBC}") = "MarketSniperTests", "..\MarketSniperTests\MarketSniperTests.csproj", "{E5CBA2F7-43F6-4673-80CD-BFF184327754}"
EndProject
Project("{2150E333-8FDC-42A3-9474-1A3956D46DE8}") = "raw", "raw", "{3D03AE99-D209-46F0-AFDF-F2C6057EB9AA}"
	ProjectSection(SolutionItems) = preProject
		..\raw\2016-09-29_175392247.JPG = ..\raw\2016-09-29_175392247.JPG
		..\raw\2016-09-29_175392879.JPG = ..\raw\2016-09-29_175392879.JPG
		..\raw\2016-09-29_175393471.JPG = ..\raw\2016-09-29_175393471.JPG
		..\raw\2016-09-29_175394180.JPG = ..\raw\2016-09-29_175394180.JPG
		..\raw\2016-09-29_175394898.JPG = ..\raw\2016-09-29_175394898.JPG
		..\raw\2016-09-29_175395480.JPG = ..\raw\2016-09-29_175395480.JPG
		..\raw\2016-09-29_175396124.JPG = ..\raw\2016-09-29_175396124.JPG
		..\raw\2016-09-29_175396765.JPG = ..\raw\2016-09-29_175396765.JPG
		..\raw\2016-09-29_175397437.JPG = ..\raw\2016-09-29_175397437.JPG
		..\raw\2016-09-29_175398033.JPG = ..\raw\2016-09-29_175398033.JPG
		..\raw\2016-09-29_175398787.JPG = ..\raw\2016-09-29_175398787.JPG
		..\raw\2016-09-29_175406986.JPG = ..\raw\2016-09-29_175406986.JPG
		..\raw\2016-09-29_175407873.JPG = ..\raw\2016-09-29_175407873.JPG
		..\raw\2016-09-29_175408607.JPG = ..\raw\2016-09-29_175408607.JPG
		..\raw\2016-09-29_175409228.JPG = ..\raw\2016-09-29_175409228.JPG
		..\raw\2016-09-29_175409883.JPG = ..\raw\2016-09-29_175409883.JPG
		..\raw\2016-09-29_175410458.JPG = ..\raw\2016-09-29_175410458.JPG
		..\raw\2016-09-29_175411159.JPG = ..\raw\2016-09-29_175411159.JPG
		..\raw\2016-09-29_175411619.JPG = ..\raw\2016-09-29_175411619.JPG
		..\raw\2016-09-29_175412262.JPG = ..\raw\2016-09-29_175412262.JPG
		..\raw\2016-09-29_175420315.JPG = ..\raw\2016-09-29_175420315.JPG
		..\raw\2016-09-29_175421233.JPG = ..\raw\2016-09-29_175421233.JPG
		..\raw\2016-09-29_175421934.JPG = ..\raw\2016-09-29_175421934.JPG
		..\raw\2016-09-29_175422584.JPG = ..\raw\2016-09-29_175422584.JPG
		..\raw\2016-09-29_175423281.JPG = ..\raw\2016-09-29_175423281.JPG
		..\raw\2016-09-29_175424125.JPG = ..\raw\2016-09-29_175424125.JPG
		..\raw\2016-09-29_175424781.JPG = ..\raw\2016-09-29_175424781.JPG
		..\raw\2016-09-29_175425390.JPG = ..\raw\2016-09-29_175425390.JPG
		..\raw\2016-09-29_175425924.JPG = ..\raw\2016-09-29_175425924.JPG
		..\raw\2016-09-29_175426636.JPG = ..\raw\2016-09-29_175426636.JPG
		..\raw\2016-09-29_175446156.JPG = ..\raw\2016-09-29_175446156.JPG
		..\raw\2016-09-29_175446511.JPG = ..\raw\2016-09-29_175446511.JPG
		..\raw\2016-09-29_175446708.JPG = ..\raw\2016-09-29_175446708.JPG
		..\raw\2016-09-29_175447723.JPG = ..\raw\2016-09-29_175447723.JPG
		..\raw\2016-09-29_175448511.JPG = ..\raw\2016-09-29_175448511.JPG
		..\raw\2016-09-29_175449212.JPG = ..\raw\2016-09-29_175449212.JPG
		..\raw\2016-09-29_175449805.JPG = ..\raw\2016-09-29_175449805.JPG
		..\raw\2016-09-29_175450473.JPG = ..\raw\2016-09-29_175450473.JPG
		..\raw\2016-09-29_175451110.JPG = ..\raw\2016-09-29_175451110.JPG
		..\raw\2016-09-29_175451722.JPG = ..\raw\2016-09-29_175451722.JPG
		..\raw\2016-09-29_175452310.JPG = ..\raw\2016-09-29_175452310.JPG
		..\raw\2016-09-29_175452956.JPG = ..\raw\2016-09-29_175452956.JPG
		..\raw\2016-09-29_175453524.JPG = ..\raw\2016-09-29_175453524.JPG
		..\raw\2016-09-29_175459175.JPG = ..\raw\2016-09-29_175459175.JPG
		..\raw\2016-09-29_175459780.JPG = ..\raw\2016-09-29_175459780.JPG
		..\raw\2016-09-29_175460354.JPG = ..\raw\2016-09-29_175460354.JPG
		..\raw\2016-09-29_175460914.JPG = ..\raw\2016-09-29_175460914.JPG
		..\raw\2016-09-29_175461452.JPG = ..\raw\2016-09-29_175461452.JPG
		..\raw\2016-09-29_175462039.JPG = ..\raw\2016-09-29_175462039.JPG
		..\raw\2016-09-29_175465979.JPG = ..\raw\2016-09-29_175465979.JPG
		..\raw\2016-09-29_175466475.JPG = ..\raw\2016-09-29_175466475.JPG
		..\raw\2016-09-29_175466989.JPG = ..\raw\2016-09-29_175466989.JPG
		..\raw\2016-09-29_175467528.JPG = ..\raw\2016-09-29_175467528.JPG
		..\raw\2016-09-29_175468039.JPG = ..\raw\2016-09-29_175468039.JPG
		..\raw\2016-09-29_175468551.JPG = ..\raw\2016-09-29_175468551.JPG
		..\raw\2016-09-29_175469372.JPG = ..\raw\2016-09-29_175469372.JPG
		..\raw\2016-09-29_175472664.JPG = ..\raw\2016-09-29_175472664.JPG
		..\raw\2016-09-29_175473322.JPG = ..\raw\2016-09-29_175473322.JPG
		..\raw\2016-09-29_175473855.JPG = ..\raw\2016-09-29_175473855.JPG
		..\raw\2016-09-29_175474394.JPG = ..\raw\2016-09-29_175474394.JPG
		..\raw\2016-09-29_175474896.JPG = ..\raw\2016-09-29_175474896.JPG
		..\raw\2016-09-29_175480710.JPG = ..\raw\2016-09-29_175480710.JPG
		..\raw\2016-09-29_175481295.JPG = ..\raw\2016-09-29_175481295.JPG
		..\raw\2016-09-29_175481745.JPG = ..\raw\2016-09-29_175481745.JPG
		..\raw\2016-09-29_175482398.JPG = ..\raw\2016-09-29_175482398.JPG
		..\raw\2016-09-29_175482913.JPG = ..\raw\2016-09-29_175482913.JPG
		..\raw\2016-09-29_175483429.JPG = ..\raw\2016-09-29_175483429.JPG
		..\raw\2016-09-29_175483999.JPG = ..\raw\2016-09-29_175483999.JPG
		..\raw\2016-09-29_175484554.JPG = ..\raw\2016-09-29_175484554.JPG
		..\raw\2016-09-29_175490560.JPG = ..\raw\2016-09-29_175490560.JPG
		..\raw\2016-09-29_175491168.JPG = ..\raw\2016-09-29_175491168.JPG
		..\raw\2016-09-29_175492171.JPG = ..\raw\2016-09-29_175492171.JPG
		..\raw\2016-09-29_175492728.JPG = ..\raw\2016-09-29_175492728.JPG
		..\raw\2016-09-29_175493416.JPG = ..\raw\2016-09-29_175493416.JPG
		..\raw\2016-09-29_175493953.JPG = ..\raw\2016-09-29_175493953.JPG
		..\raw\2016-09-29_175494540.JPG = ..\raw\2016-09-29_175494540.JPG
		..\raw\2016-09-29_175495194.JPG = ..\raw\2016-09-29_175495194.JPG
		..\raw\2016-09-29_175495805.JPG = ..\raw\2016-09-29_175495805.JPG
		..\raw\2016-09-29_175496537.JPG = ..\raw\2016-09-29_175496537.JPG
		..\raw\2016-09-29_175501338.JPG = ..\raw\2016-09-29_175501338.JPG
		..\raw\2016-09-29_175501903.JPG = ..\raw\2016-09-29_175501903.JPG
		..\raw\2016-09-29_175502448.JPG = ..\raw\2016-09-29_175502448.JPG
		..\raw\2016-09-29_175503048.JPG = ..\raw\2016-09-29_175503048.JPG
		..\raw\2016-09-29_175503585.JPG = ..\raw\2016-09-29_175503585.JPG
		..\raw\2016-09-29_175506683.JPG = ..\raw\2016-09-29_175506683.JPG
		..\raw\2016-09-29_175507367.JPG = ..\raw\2016-09-29_175507367.JPG
		..\raw\2016-09-29_175507871.JPG = ..\raw\2016-09-29_175507871.JPG
		..\raw\2016-09-29_175508352.JPG = ..\raw\2016-09-29_175508352.JPG
		..\raw\2016-09-29_175508890.JPG = ..\raw\2016-09-29_175508890.JPG
		..\raw\2016-09-29_175511666.JPG = ..\raw\2016-09-29_175511666.JPG
		..\raw\2016-09-29_175512951.JPG = ..\raw\2016-09-29_175512951.JPG
		..\raw\2016-09-29_175513706.JPG = ..\raw\2016-09-29_175513706.JPG
		..\raw\2016-09-29_175514286.JPG = ..\raw\2016-09-29_175514286.JPG
		..\raw\2016-09-29_175514835.JPG = ..\raw\2016-09-29_175514835.JPG
		..\raw\2016-09-29_175515395.JPG = ..\raw\2016-09-29_175515395.JPG
		..\raw\2016-09-29_175515948.JPG = ..\raw\2016-09-29_175515948.JPG
		..\raw\2016-09-29_175516439.JPG = ..\raw\2016-09-29_175516439.JPG
		..\raw\2016-09-29_175516948.JPG = ..\raw\2016-09-29_175516948.JPG
		..\raw\2016-09-29_175517525.JPG = ..\raw\2016-09-29_175517525.JPG
		..\raw\2016-09-29_175518143.JPG = ..\raw\2016-09-29_175518143.JPG
		..\raw\2016-09-29_175528807.JPG = ..\raw\2016-09-29_175528807.JPG
		..\raw\2016-09-29_175530112.JPG = ..\raw\2016-09-29_175530112.JPG
		..\raw\2016-09-29_175531065.JPG = ..\raw\2016-09-29_175531065.JPG
		..\raw\2016-09-29_175535566.JPG = ..\raw\2016-09-29_175535566.JPG
		..\raw\2016-09-29_175536292.JPG = ..\raw\2016-09-29_175536292.JPG
		..\raw\2016-09-29_175536959.JPG = ..\raw\2016-09-29_175536959.JPG
		..\raw\2016-09-29_175537520.JPG = ..\raw\2016-09-29_175537520.JPG
		..\raw\2016-09-29_175537979.JPG = ..\raw\2016-09-29_175537979.JPG
		..\raw\2016-09-29_175541372.JPG = ..\raw\2016-09-29_175541372.JPG
		..\raw\2016-09-29_175542173.JPG = ..\raw\2016-09-29_175542173.JPG
		..\raw\2016-09-29_175542728.JPG = ..\raw\2016-09-29_175542728.JPG
		..\raw\2016-09-29_175545797.JPG = ..\raw\2016-09-29_175545797.JPG
		..\raw\2016-09-29_175546462.JPG = ..\raw\2016-09-29_175546462.JPG
		..\raw\2016-09-29_175546915.JPG = ..\raw\2016-09-29_175546915.JPG
		..\raw\2016-09-29_175549987.JPG = ..\raw\2016-09-29_175549987.JPG
		..\raw\2016-09-29_175550629.JPG = ..\raw\2016-09-29_175550629.JPG
		..\raw\2016-09-29_175551054.JPG = ..\raw\2016-09-29_175551054.JPG
		..\raw\2016-09-29_175551522.JPG = ..\raw\2016-09-29_175551522.JPG
		..\raw\2016-09-29_175554756.JPG = ..\raw\2016-09-29_175554756.JPG
		..\raw\2016-09-29_175555390.JPG = ..\raw\2016-09-29_175555390.JPG
		..\raw\2016-09-29_175555855.JPG = ..\raw\2016-09-29_175555855.JPG
		..\raw\2016-09-29_175556501.JPG = ..\raw\2016-09-29_175556501.JPG
		..\raw\2016-09-29_175557006.JPG = ..\raw\2016-09-29_175557006.JPG
		..\raw\2016-09-29_175557485.JPG = ..\raw\2016-09-29_175557485.JPG
		..\raw\2016-09-29_175560580.JPG = ..\raw\2016-09-29_175560580.JPG
		..\raw\2016-09-29_175561558.JPG = ..\raw\2016-09-29_175561558.JPG
		..\raw\2016-09-29_175562099.JPG = ..\raw\2016-09-29_175562099.JPG
		..\raw\2016-09-29_175562591.JPG = ..\raw\2016-09-29_175562591.JPG
		..\raw\2016-09-29_175565573.JPG = ..\raw\2016-09-29_175565573.JPG
		..\raw\2016-09-29_175566202.JPG = ..\raw\2016-09-29_175566202.JPG
		..\raw\2016-09-29_175566704.JPG = ..\raw\2016-09-29_175566704.JPG
		..\raw\2016-09-29_175567246.JPG = ..\raw\2016-09-29_175567246.JPG
		..\raw\2016-09-29_175571324.JPG = ..\raw\2016-09-29_175571324.JPG
		..\raw\2016-09-29_175572516.JPG = ..\raw\2016-09-29_175572516.JPG
	EndProjectSection
EndProject
Project("{2150E333-8FDC-42A3-9474-1A3956D46DE8}") = "classified", "classified", "{09B9837F-0014-4811-B687-82EDE22A6232}"
	ProjectSection(SolutionItems) = preProject
		..\raw\classified\3_9_0.JPG = ..\raw\classified\3_9_0.JPG
		..\raw\classified\3_9_1.JPG = ..\raw\classified\3_9_1.JPG
		..\raw\classified\3_9_10.JPG = ..\raw\classified\3_9_10.JPG
		..\raw\classified\3_9_11.JPG = ..\raw\classified\3_9_11.JPG
		..\raw\classified\3_9_12.JPG = ..\raw\classified\3_9_12.JPG
		..\raw\classified\3_9_13.JPG = ..\raw\classified\3_9_13.JPG
		..\raw\classified\3_9_14.JPG = ..\raw\classified\3_9_14.JPG
		..\raw\classified\3_9_15.JPG = ..\raw\classified\3_9_15.JPG
		..\raw\classified\3_9_16.JPG = ..\raw\classified\3_9_16.JPG
		..\raw\classified\3_9_17.JPG = ..\raw\classified\3_9_17.JPG
		..\raw\classified\3_9_18.JPG = ..\raw\classified\3_9_18.JPG
		..\raw\classified\3_9_19.JPG = ..\raw\classified\3_9_19.JPG
		..\raw\classified\3_9_2.JPG = ..\raw\classified\3_9_2.JPG
		..\raw\classified\3_9_3.JPG = ..\raw\classified\3_9_3.JPG
		..\raw\classified\3_9_4..JPG = ..\raw\classified\3_9_4..JPG
		..\raw\classified\3_9_5.JPG = ..\raw\classified\3_9_5.JPG
		..\raw\classified\3_9_6.JPG = ..\raw\classified\3_9_6.JPG
		..\raw\classified\3_9_7.JPG = ..\raw\classified\3_9_7.JPG
		..\raw\classified\3_9_8.JPG = ..\raw\classified\3_9_8.JPG
		..\raw\classified\3_9_9.JPG = ..\raw\classified\3_9_9.JPG
		..\raw\classified\4_6_0.JPG = ..\raw\classified\4_6_0.JPG
		..\raw\classified\4_6_1.JPG = ..\raw\classified\4_6_1.JPG
		..\raw\classified\4_6_2.JPG = ..\raw\classified\4_6_2.JPG
	EndProjectSection
EndProject
Project("{2150E333-8FDC-42A3-9474-1A3956D46DE8}") = "resized", "resized", "{4D5955B6-4251-4194-81E9-2775279425FB}"
	ProjectSection(SolutionItems) = preProject
		..\raw\classified\resized\test.jpg = ..\raw\classified\resized\test.jpg
		..\raw\classified\resized\test_3.jpg = ..\raw\classified\resized\test_3.jpg
		..\raw\classified\resized\test_9.jpg = ..\raw\classified\resized\test_9.jpg
		..\raw\classified\resized\test_9_big.jpg = ..\raw\classified\resized\test_9_big.jpg
	EndProjectSection
EndProject
Project("{FAE04EC0-301F-11D3-BF4B-00C04F79EFBC}") = "Utils", "Utils\Utils.csproj", "{F961659F-F0F8-4FE1-88D0-84FA969BC878}"
EndProject
Global
	GlobalSection(SolutionConfigurationPlatforms) = preSolution
		Debug|Any CPU = Debug|Any CPU
		Debug|ARM = Debug|ARM
		Debug|x64 = Debug|x64
		Debug|x86 = Debug|x86
		Release|Any CPU = Release|Any CPU
		Release|ARM = Release|ARM
		Release|x64 = Release|x64
		Release|x86 = Release|x86
	EndGlobalSection
	GlobalSection(ProjectConfigurationPlatforms) = postSolution
		{CC1C7706-B493-4DEE-A229-29560B0BBFEF}.Debug|Any CPU.ActiveCfg = Debug|Any CPU
		{CC1C7706-B493-4DEE-A229-29560B0BBFEF}.Debug|Any CPU.Build.0 = Debug|Any CPU
		{CC1C7706-B493-4DEE-A229-29560B0BBFEF}.Debug|ARM.ActiveCfg = Debug|Any CPU
		{CC1C7706-B493-4DEE-A229-29560B0BBFEF}.Debug|x64.ActiveCfg = Debug|Any CPU
		{CC1C7706-B493-4DEE-A229-29560B0BBFEF}.Debug|x86.ActiveCfg = Debug|Any CPU
		{CC1C7706-B493-4DEE-A229-29560B0BBFEF}.Release|Any CPU.ActiveCfg = Release|Any CPU
		{CC1C7706-B493-4DEE-A229-29560B0BBFEF}.Release|Any CPU.Build.0 = Release|Any CPU
		{CC1C7706-B493-4DEE-A229-29560B0BBFEF}.Release|ARM.ActiveCfg = Release|Any CPU
		{CC1C7706-B493-4DEE-A229-29560B0BBFEF}.Release|x64.ActiveCfg = Release|Any CPU
		{CC1C7706-B493-4DEE-A229-29560B0BBFEF}.Release|x86.ActiveCfg = Release|Any CPU
		{27FFDA9A-2A57-4CFD-B38A-67880623DA53}.Debug|Any CPU.ActiveCfg = Debug|Any CPU
		{27FFDA9A-2A57-4CFD-B38A-67880623DA53}.Debug|Any CPU.Build.0 = Debug|Any CPU
		{27FFDA9A-2A57-4CFD-B38A-67880623DA53}.Debug|ARM.ActiveCfg = Debug|Any CPU
		{27FFDA9A-2A57-4CFD-B38A-67880623DA53}.Debug|ARM.Build.0 = Debug|Any CPU
		{27FFDA9A-2A57-4CFD-B38A-67880623DA53}.Debug|x64.ActiveCfg = Debug|Any CPU
		{27FFDA9A-2A57-4CFD-B38A-67880623DA53}.Debug|x64.Build.0 = Debug|Any CPU
		{27FFDA9A-2A57-4CFD-B38A-67880623DA53}.Debug|x86.ActiveCfg = Debug|Any CPU
		{27FFDA9A-2A57-4CFD-B38A-67880623DA53}.Debug|x86.Build.0 = Debug|Any CPU
		{27FFDA9A-2A57-4CFD-B38A-67880623DA53}.Release|Any CPU.ActiveCfg = Release|Any CPU
		{27FFDA9A-2A57-4CFD-B38A-67880623DA53}.Release|Any CPU.Build.0 = Release|Any CPU
		{27FFDA9A-2A57-4CFD-B38A-67880623DA53}.Release|ARM.ActiveCfg = Release|Any CPU
		{27FFDA9A-2A57-4CFD-B38A-67880623DA53}.Release|ARM.Build.0 = Release|Any CPU
		{27FFDA9A-2A57-4CFD-B38A-67880623DA53}.Release|x64.ActiveCfg = Release|Any CPU
		{27FFDA9A-2A57-4CFD-B38A-67880623DA53}.Release|x64.Build.0 = Release|Any CPU
		{27FFDA9A-2A57-4CFD-B38A-67880623DA53}.Release|x86.ActiveCfg = Release|Any CPU
		{27FFDA9A-2A57-4CFD-B38A-67880623DA53}.Release|x86.Build.0 = Release|Any CPU
		{E5CBA2F7-43F6-4673-80CD-BFF184327754}.Debug|Any CPU.ActiveCfg = Debug|Any CPU
		{E5CBA2F7-43F6-4673-80CD-BFF184327754}.Debug|Any CPU.Build.0 = Debug|Any CPU
		{E5CBA2F7-43F6-4673-80CD-BFF184327754}.Debug|ARM.ActiveCfg = Debug|Any CPU
		{E5CBA2F7-43F6-4673-80CD-BFF184327754}.Debug|ARM.Build.0 = Debug|Any CPU
		{E5CBA2F7-43F6-4673-80CD-BFF184327754}.Debug|x64.ActiveCfg = Debug|Any CPU
		{E5CBA2F7-43F6-4673-80CD-BFF184327754}.Debug|x64.Build.0 = Debug|Any CPU
		{E5CBA2F7-43F6-4673-80CD-BFF184327754}.Debug|x86.ActiveCfg = Debug|Any CPU
		{E5CBA2F7-43F6-4673-80CD-BFF184327754}.Debug|x86.Build.0 = Debug|Any CPU
		{E5CBA2F7-43F6-4673-80CD-BFF184327754}.Release|Any CPU.ActiveCfg = Release|Any CPU
		{E5CBA2F7-43F6-4673-80CD-BFF184327754}.Release|Any CPU.Build.0 = Release|Any CPU
		{E5CBA2F7-43F6-4673-80CD-BFF184327754}.Release|ARM.ActiveCfg = Release|Any CPU
		{E5CBA2F7-43F6-4673-80CD-BFF184327754}.Release|ARM.Build.0 = Release|Any CPU
		{E5CBA2F7-43F6-4673-80CD-BFF184327754}.Release|x64.ActiveCfg = Release|Any CPU
		{E5CBA2F7-43F6-4673-80CD-BFF184327754}.Release|x64.Build.0 = Release|Any CPU
		{E5CBA2F7-43F6-4673-80CD-BFF184327754}.Release|x86.ActiveCfg = Release|Any CPU
		{E5CBA2F7-43F6-4673-80CD-BFF184327754}.Release|x86.Build.0 = Release|Any CPU
		{F961659F-F0F8-4FE1-88D0-84FA969BC878}.Debug|Any CPU.ActiveCfg = Debug|Any CPU
		{F961659F-F0F8-4FE1-88D0-84FA969BC878}.Debug|Any CPU.Build.0 = Debug|Any CPU
		{F961659F-F0F8-4FE1-88D0-84FA969BC878}.Debug|ARM.ActiveCfg = Debug|Any CPU
		{F961659F-F0F8-4FE1-88D0-84FA969BC878}.Debug|ARM.Build.0 = Debug|Any CPU
		{F961659F-F0F8-4FE1-88D0-84FA969BC878}.Debug|x64.ActiveCfg = Debug|Any CPU
		{F961659F-F0F8-4FE1-88D0-84FA969BC878}.Debug|x64.Build.0 = Debug|Any CPU
		{F961659F-F0F8-4FE1-88D0-84FA969BC878}.Debug|x86.ActiveCfg = Debug|Any CPU
		{F961659F-F0F8-4FE1-88D0-84FA969BC878}.Debug|x86.Build.0 = Debug|Any CPU
		{F961659F-F0F8-4FE1-88D0-84FA969BC878}.Release|Any CPU.ActiveCfg = Release|Any CPU
		{F961659F-F0F8-4FE1-88D0-84FA969BC878}.Release|Any CPU.Build.0 = Release|Any CPU
		{F961659F-F0F8-4FE1-88D0-84FA969BC878}.Release|ARM.ActiveCfg = Release|Any CPU
		{F961659F-F0F8-4FE1-88D0-84FA969BC878}.Release|ARM.Build.0 = Release|Any CPU
		{F961659F-F0F8-4FE1-88D0-84FA969BC878}.Release|x64.ActiveCfg = Release|Any CPU
		{F961659F-F0F8-4FE1-88D0-84FA969BC878}.Release|x64.Build.0 = Release|Any CPU
		{F961659F-F0F8-4FE1-88D0-84FA969BC878}.Release|x86.ActiveCfg = Release|Any CPU
		{F961659F-F0F8-4FE1-88D0-84FA969BC878}.Release|x86.Build.0 = Release|Any CPU
	EndGlobalSection
	GlobalSection(SolutionProperties) = preSolution
		HideSolutionNode = FALSE
	EndGlobalSection
	GlobalSection(NestedProjects) = preSolution
		{09B9837F-0014-4811-B687-82EDE22A6232} = {3D03AE99-D209-46F0-AFDF-F2C6057EB9AA}
		{4D5955B6-4251-4194-81E9-2775279425FB} = {09B9837F-0014-4811-B687-82EDE22A6232}
	EndGlobalSection
EndGlobal
